
Microsoft Visual Studio Solution File, Format Version 12.00
# Visual Studio Version 17
VisualStudioVersion = 17.4.33403.182
MinimumVisualStudioVersion = 10.0.40219.1
Project("{FAE04EC0-301F-11D3-BF4B-00C04F79EFBC}") = "Project1", "Project1\Project1.csproj", "{98C7D665-940D-4397-B03A-C636EAE547BD}"
EndProject
Global
	GlobalSection(SolutionConfigurationPlatforms) = preSolution
		Debug|Any CPU = Debug|Any CPU
		Release|Any CPU = Release|Any CPU
	EndGlobalSection
	GlobalSection(ProjectConfigurationPlatforms) = postSolution
		{98C7D665-940D-4397-B03A-C636EAE547BD}.Debug|Any CPU.ActiveCfg = Debug|Any CPU
		{98C7D665-940D-4397-B03A-C636EAE547BD}.Debug|Any CPU.Build.0 = Debug|Any CPU
		{98C7D665-940D-4397-B03A-C636EAE547BD}.Release|Any CPU.ActiveCfg = Release|Any CPU
		{98C7D665-940D-4397-B03A-C636EAE547BD}.Release|Any CPU.Build.0 = Release|Any CPU
	EndGlobalSection
	GlobalSection(SolutionProperties) = preSolution
		HideSolutionNode = FALSE
	EndGlobalSection
	GlobalSection(ExtensibilityGlobals) = postSolution
		SolutionGuid = {5EFF7891-14E9-4DD6-8523-2F0C237E1C18}
	EndGlobalSection
EndGlobal
