
Microsoft Visual Studio Solution File, Format Version 12.00
# Visual Studio Version 17
VisualStudioVersion = 17.4.33403.182
MinimumVisualStudioVersion = 10.0.40219.1
Project("{FAE04EC0-301F-11D3-BF4B-00C04F79EFBC}") = "ASP .NET Core Web API-1.0", "ASP .NET Core Web API-1.0\ASP .NET Core Web API-1.0.csproj", "{43994FB5-98E2-411A-91B1-FF430DDE04EF}"
EndProject
Global
	GlobalSection(SolutionConfigurationPlatforms) = preSolution
		Debug|Any CPU = Debug|Any CPU
		Release|Any CPU = Release|Any CPU
	EndGlobalSection
	GlobalSection(ProjectConfigurationPlatforms) = postSolution
		{43994FB5-98E2-411A-91B1-FF430DDE04EF}.Debug|Any CPU.ActiveCfg = Debug|Any CPU
		{43994FB5-98E2-411A-91B1-FF430DDE04EF}.Debug|Any CPU.Build.0 = Debug|Any CPU
		{43994FB5-98E2-411A-91B1-FF430DDE04EF}.Release|Any CPU.ActiveCfg = Release|Any CPU
		{43994FB5-98E2-411A-91B1-FF430DDE04EF}.Release|Any CPU.Build.0 = Release|Any CPU
	EndGlobalSection
	GlobalSection(SolutionProperties) = preSolution
		HideSolutionNode = FALSE
	EndGlobalSection
	GlobalSection(ExtensibilityGlobals) = postSolution
		SolutionGuid = {AB48CAB3-5200-414E-ABDA-39B1FC36BF5F}
	EndGlobalSection
EndGlobal
