
Microsoft Visual Studio Solution File, Format Version 12.00
# Visual Studio Version 17
VisualStudioVersion = 17.4.33403.182
MinimumVisualStudioVersion = 10.0.40219.1
Project("{FAE04EC0-301F-11D3-BF4B-00C04F79EFBC}") = "ASP.NET Core Web API-II", "ASP.NET Core Web API-II\ASP.NET Core Web API-II.csproj", "{E058A12F-1BE5-4065-B9D8-127FA8EF8F2A}"
EndProject
Global
	GlobalSection(SolutionConfigurationPlatforms) = preSolution
		Debug|Any CPU = Debug|Any CPU
		Release|Any CPU = Release|Any CPU
	EndGlobalSection
	GlobalSection(ProjectConfigurationPlatforms) = postSolution
		{E058A12F-1BE5-4065-B9D8-127FA8EF8F2A}.Debug|Any CPU.ActiveCfg = Debug|Any CPU
		{E058A12F-1BE5-4065-B9D8-127FA8EF8F2A}.Debug|Any CPU.Build.0 = Debug|Any CPU
		{E058A12F-1BE5-4065-B9D8-127FA8EF8F2A}.Release|Any CPU.ActiveCfg = Release|Any CPU
		{E058A12F-1BE5-4065-B9D8-127FA8EF8F2A}.Release|Any CPU.Build.0 = Release|Any CPU
	EndGlobalSection
	GlobalSection(SolutionProperties) = preSolution
		HideSolutionNode = FALSE
	EndGlobalSection
	GlobalSection(ExtensibilityGlobals) = postSolution
		SolutionGuid = {0EAE2564-DEA9-48C9-A5B4-1586A20B1F23}
	EndGlobalSection
EndGlobal
